
Microsoft Visual Studio Solution File, Format Version 12.00
# Visual Studio Version 17
VisualStudioVersion = 17.4.33213.308
MinimumVisualStudioVersion = 10.0.40219.1
Project("{FAE04EC0-301F-11D3-BF4B-00C04F79EFBC}") = "ImplicitMap", "ImplicitMap\ImplicitMap.csproj", "{86CB33BE-CAD3-4A14-B52D-CF3E2E7E8804}"
EndProject
Global
	GlobalSection(SolutionConfigurationPlatforms) = preSolution
		Debug|Any CPU = Debug|Any CPU
		Release|Any CPU = Release|Any CPU
	EndGlobalSection
	GlobalSection(ProjectConfigurationPlatforms) = postSolution
		{86CB33BE-CAD3-4A14-B52D-CF3E2E7E8804}.Debug|Any CPU.ActiveCfg = Debug|Any CPU
		{86CB33BE-CAD3-4A14-B52D-CF3E2E7E8804}.Debug|Any CPU.Build.0 = Debug|Any CPU
		{86CB33BE-CAD3-4A14-B52D-CF3E2E7E8804}.Release|Any CPU.ActiveCfg = Release|Any CPU
		{86CB33BE-CAD3-4A14-B52D-CF3E2E7E8804}.Release|Any CPU.Build.0 = Release|Any CPU
	EndGlobalSection
	GlobalSection(SolutionProperties) = preSolution
		HideSolutionNode = FALSE
	EndGlobalSection
	GlobalSection(ExtensibilityGlobals) = postSolution
		SolutionGuid = {3973E852-D203-4289-8D90-CAA327067D6A}
	EndGlobalSection
EndGlobal
